
Microsoft Visual Studio Solution File, Format Version 12.00
# Visual Studio Version 17
VisualStudioVersion = 17.5.33516.290
MinimumVisualStudioVersion = 10.0.40219.1
Project("{FAE04EC0-301F-11D3-BF4B-00C04F79EFBC}") = "KMS", "KMS.csproj", "{560A7428-E792-4E9D-AC02-E76BA5D9CFF9}"
EndProject
Global
	GlobalSection(SolutionConfigurationPlatforms) = preSolution
		Debug|Any CPU = Debug|Any CPU
		Release|Any CPU = Release|Any CPU
	EndGlobalSection
	GlobalSection(ProjectConfigurationPlatforms) = postSolution
		{560A7428-E792-4E9D-AC02-E76BA5D9CFF9}.Debug|Any CPU.ActiveCfg = Debug|Any CPU
		{560A7428-E792-4E9D-AC02-E76BA5D9CFF9}.Debug|Any CPU.Build.0 = Debug|Any CPU
		{560A7428-E792-4E9D-AC02-E76BA5D9CFF9}.Release|Any CPU.ActiveCfg = Release|Any CPU
		{560A7428-E792-4E9D-AC02-E76BA5D9CFF9}.Release|Any CPU.Build.0 = Release|Any CPU
	EndGlobalSection
	GlobalSection(SolutionProperties) = preSolution
		HideSolutionNode = FALSE
	EndGlobalSection
	GlobalSection(ExtensibilityGlobals) = postSolution
		SolutionGuid = {8CE46708-99B3-4DEE-8DB6-0929E6D3A8CE}
	EndGlobalSection
EndGlobal
